
Microsoft Visual Studio Solution File, Format Version 12.00
# Visual Studio Version 16
VisualStudioVersion = 16.0.30717.126
MinimumVisualStudioVersion = 10.0.40219.1
Project("{FAE04EC0-301F-11D3-BF4B-00C04F79EFBC}") = "ProjectAK", "ProjectAK.csproj", "{7B05F7CF-225E-4F59-AA00-994A57057DB2}"
EndProject
Global
	GlobalSection(SolutionConfigurationPlatforms) = preSolution
		Debug|Any CPU = Debug|Any CPU
		Release|Any CPU = Release|Any CPU
	EndGlobalSection
	GlobalSection(ProjectConfigurationPlatforms) = postSolution
		{7B05F7CF-225E-4F59-AA00-994A57057DB2}.Debug|Any CPU.ActiveCfg = Debug|Any CPU
		{7B05F7CF-225E-4F59-AA00-994A57057DB2}.Debug|Any CPU.Build.0 = Debug|Any CPU
		{7B05F7CF-225E-4F59-AA00-994A57057DB2}.Release|Any CPU.ActiveCfg = Release|Any CPU
		{7B05F7CF-225E-4F59-AA00-994A57057DB2}.Release|Any CPU.Build.0 = Release|Any CPU
	EndGlobalSection
	GlobalSection(SolutionProperties) = preSolution
		HideSolutionNode = FALSE
	EndGlobalSection
	GlobalSection(ExtensibilityGlobals) = postSolution
		SolutionGuid = {9535F446-F055-434A-99CF-A94AC5F55788}
	EndGlobalSection
EndGlobal
